// !$*UTF8*$!
{
	archiveVersion = 1;
	classes = {
	};
	objectVersion = 50;
	objects = {

/* Begin PBXBuildFile section */
		8448AB3D215F2B250029E9A7 /* libKF5SDKCore.a in Frameworks */ = {isa = PBXBuildFile; fileRef = 8448AB22215F2B250029E9A7 /* libKF5SDKCore.a */; };
		8448AB3E215F2B250029E9A7 /* libopencore-amrnb.a in Frameworks */ = {isa = PBXBuildFile; fileRef = 8448AB28215F2B250029E9A7 /* libopencore-amrnb.a */; };
		8448AB3F215F2B250029E9A7 /* libKF5SDK.a in Frameworks */ = {isa = PBXBuildFile; fileRef = 8448AB2B215F2B250029E9A7 /* libKF5SDK.a */; };
		8448AB40215F2C4E0029E9A7 /* KFMessage.h in CopyFiles */ = {isa = PBXBuildFile; fileRef = 8448AB15215F2B250029E9A7 /* KFMessage.h */; };
		8448AB41215F2C4E0029E9A7 /* KF5SDKChat.h in CopyFiles */ = {isa = PBXBuildFile; fileRef = 8448AB16215F2B250029E9A7 /* KF5SDKChat.h */; };
		8448AB42215F2C4E0029E9A7 /* KFDocumentViewController.h in CopyFiles */ = {isa = PBXBuildFile; fileRef = 8448AB17215F2B250029E9A7 /* KFDocumentViewController.h */; };
		8448AB43215F2C4E0029E9A7 /* KFChatViewController.h in CopyFiles */ = {isa = PBXBuildFile; fileRef = 8448AB18215F2B250029E9A7 /* KFChatViewController.h */; };
		8448AB44215F2C4E0029E9A7 /* KF5SDKCore.h in CopyFiles */ = {isa = PBXBuildFile; fileRef = 8448AB19215F2B250029E9A7 /* KF5SDKCore.h */; };
		8448AB45215F2C4E0029E9A7 /* KFRatingViewController.h in CopyFiles */ = {isa = PBXBuildFile; fileRef = 8448AB1A215F2B250029E9A7 /* KFRatingViewController.h */; };
		8448AB46215F2C4E0029E9A7 /* KFDocument.h in CopyFiles */ = {isa = PBXBuildFile; fileRef = 8448AB1B215F2B250029E9A7 /* KFDocument.h */; };
		8448AB47215F2C4E0029E9A7 /* KFAgent.h in CopyFiles */ = {isa = PBXBuildFile; fileRef = 8448AB1C215F2B250029E9A7 /* KFAgent.h */; };
		8448AB48215F2C4E0029E9A7 /* KFComment.h in CopyFiles */ = {isa = PBXBuildFile; fileRef = 8448AB1D215F2B250029E9A7 /* KFComment.h */; };
		8448AB49215F2C4E0029E9A7 /* KFLogger.h in CopyFiles */ = {isa = PBXBuildFile; fileRef = 8448AB1E215F2B250029E9A7 /* KFLogger.h */; };
		8448AB4A215F2C4E0029E9A7 /* KFBaseViewController.h in CopyFiles */ = {isa = PBXBuildFile; fileRef = 8448AB1F215F2B250029E9A7 /* KFBaseViewController.h */; };
		8448AB4B215F2C4E0029E9A7 /* KFRatingModel.h in CopyFiles */ = {isa = PBXBuildFile; fileRef = 8448AB20215F2B250029E9A7 /* KFRatingModel.h */; };
		8448AB4C215F2C4E0029E9A7 /* KFDocBaseViewController.h in CopyFiles */ = {isa = PBXBuildFile; fileRef = 8448AB21215F2B250029E9A7 /* KFDocBaseViewController.h */; };
		8448AB4D215F2C4E0029E9A7 /* KFAttachment.h in CopyFiles */ = {isa = PBXBuildFile; fileRef = 8448AB23215F2B250029E9A7 /* KFAttachment.h */; };
		8448AB4E215F2C4E0029E9A7 /* KFPostListViewController.h in CopyFiles */ = {isa = PBXBuildFile; fileRef = 8448AB24215F2B250029E9A7 /* KFPostListViewController.h */; };
		8448AB4F215F2C4E0029E9A7 /* KF5SDKTicket.h in CopyFiles */ = {isa = PBXBuildFile; fileRef = 8448AB25215F2B250029E9A7 /* KF5SDKTicket.h */; };
		8448AB50215F2C4E0029E9A7 /* KFDocItem.h in CopyFiles */ = {isa = PBXBuildFile; fileRef = 8448AB26215F2B250029E9A7 /* KFDocItem.h */; };
		8448AB51215F2C4E0029E9A7 /* KFTicketListViewController.h in CopyFiles */ = {isa = PBXBuildFile; fileRef = 8448AB27215F2B250029E9A7 /* KFTicketListViewController.h */; };
		8448AB52215F2C4E0029E9A7 /* KFUserManager.h in CopyFiles */ = {isa = PBXBuildFile; fileRef = 8448AB29215F2B250029E9A7 /* KFUserManager.h */; };
		8448AB53215F2C4E0029E9A7 /* KFForumListViewController.h in CopyFiles */ = {isa = PBXBuildFile; fileRef = 8448AB2A215F2B250029E9A7 /* KFForumListViewController.h */; };
		8448AB54215F2C4E0029E9A7 /* KFTicketViewController.h in CopyFiles */ = {isa = PBXBuildFile; fileRef = 8448AB2C215F2B250029E9A7 /* KFTicketViewController.h */; };
		8448AB55215F2C4E0029E9A7 /* KFChatManager.h in CopyFiles */ = {isa = PBXBuildFile; fileRef = 8448AB2D215F2B250029E9A7 /* KFChatManager.h */; };
		8448AB56215F2C4E0029E9A7 /* KFCreateTicketViewController.h in CopyFiles */ = {isa = PBXBuildFile; fileRef = 8448AB2E215F2B250029E9A7 /* KFCreateTicketViewController.h */; };
		8448AB57215F2C4E0029E9A7 /* KFTicketManager.h in CopyFiles */ = {isa = PBXBuildFile; fileRef = 8448AB2F215F2B250029E9A7 /* KFTicketManager.h */; };
		8448AB58215F2C4E0029E9A7 /* KFDispatcher.h in CopyFiles */ = {isa = PBXBuildFile; fileRef = 8448AB30215F2B250029E9A7 /* KFDispatcher.h */; };
		8448AB59215F2C4E0029E9A7 /* KFChatViewModel.h in CopyFiles */ = {isa = PBXBuildFile; fileRef = 8448AB31215F2B250029E9A7 /* KFChatViewModel.h */; };
		8448AB5A215F2C4E0029E9A7 /* KFMessageModel.h in CopyFiles */ = {isa = PBXBuildFile; fileRef = 8448AB32215F2B250029E9A7 /* KFMessageModel.h */; };
		8448AB5B215F2C4E0029E9A7 /* KFCategorieListViewController.h in CopyFiles */ = {isa = PBXBuildFile; fileRef = 8448AB33215F2B250029E9A7 /* KFCategorieListViewController.h */; };
		8448AB5C215F2C4E0029E9A7 /* KFConfig.h in CopyFiles */ = {isa = PBXBuildFile; fileRef = 8448AB34215F2B250029E9A7 /* KFConfig.h */; };
		8448AB5D215F2C4E0029E9A7 /* KFDetailMessageViewController.h in CopyFiles */ = {isa = PBXBuildFile; fileRef = 8448AB35215F2B250029E9A7 /* KFDetailMessageViewController.h */; };
		8448AB5E215F2C4E0029E9A7 /* KFChatVoiceManager.h in CopyFiles */ = {isa = PBXBuildFile; fileRef = 8448AB36215F2B250029E9A7 /* KFChatVoiceManager.h */; };
		8448AB5F215F2C4E0029E9A7 /* KFHttpTool.h in CopyFiles */ = {isa = PBXBuildFile; fileRef = 8448AB37215F2B250029E9A7 /* KFHttpTool.h */; };
		8448AB60215F2C4E0029E9A7 /* KFTicket.h in CopyFiles */ = {isa = PBXBuildFile; fileRef = 8448AB38215F2B250029E9A7 /* KFTicket.h */; };
		8448AB61215F2C4E0029E9A7 /* KF5SDKDoc.h in CopyFiles */ = {isa = PBXBuildFile; fileRef = 8448AB39215F2B250029E9A7 /* KF5SDKDoc.h */; };
		8448AB62215F2C4E0029E9A7 /* KF5SDK.h in CopyFiles */ = {isa = PBXBuildFile; fileRef = 8448AB3A215F2B250029E9A7 /* KF5SDK.h */; };
		8448AB63215F2C4E0029E9A7 /* KFHelper.h in CopyFiles */ = {isa = PBXBuildFile; fileRef = 8448AB3B215F2B250029E9A7 /* KFHelper.h */; };
		8448AB64215F2C4E0029E9A7 /* KFUser.h in CopyFiles */ = {isa = PBXBuildFile; fileRef = 8448AB3C215F2B250029E9A7 /* KFUser.h */; };
		84DCC826215B354F00B58E8D /* RCTKF5SDK.m in Sources */ = {isa = PBXBuildFile; fileRef = 84DCC825215B354F00B58E8D /* RCTKF5SDK.m */; };
		84DCC827215B354F00B58E8D /* RCTKF5SDK.h in CopyFiles */ = {isa = PBXBuildFile; fileRef = 84DCC824215B354F00B58E8D /* RCTKF5SDK.h */; };
/* End PBXBuildFile section */

/* Begin PBXCopyFilesBuildPhase section */
		84DCC81F215B354F00B58E8D /* CopyFiles */ = {
			isa = PBXCopyFilesBuildPhase;
			buildActionMask = 2147483647;
			dstPath = "include/$(PRODUCT_NAME)";
			dstSubfolderSpec = 16;
			files = (
				8448AB40215F2C4E0029E9A7 /* KFMessage.h in CopyFiles */,
				8448AB41215F2C4E0029E9A7 /* KF5SDKChat.h in CopyFiles */,
				8448AB42215F2C4E0029E9A7 /* KFDocumentViewController.h in CopyFiles */,
				8448AB43215F2C4E0029E9A7 /* KFChatViewController.h in CopyFiles */,
				8448AB44215F2C4E0029E9A7 /* KF5SDKCore.h in CopyFiles */,
				8448AB45215F2C4E0029E9A7 /* KFRatingViewController.h in CopyFiles */,
				8448AB46215F2C4E0029E9A7 /* KFDocument.h in CopyFiles */,
				8448AB47215F2C4E0029E9A7 /* KFAgent.h in CopyFiles */,
				8448AB48215F2C4E0029E9A7 /* KFComment.h in CopyFiles */,
				8448AB49215F2C4E0029E9A7 /* KFLogger.h in CopyFiles */,
				8448AB4A215F2C4E0029E9A7 /* KFBaseViewController.h in CopyFiles */,
				8448AB4B215F2C4E0029E9A7 /* KFRatingModel.h in CopyFiles */,
				8448AB4C215F2C4E0029E9A7 /* KFDocBaseViewController.h in CopyFiles */,
				8448AB4D215F2C4E0029E9A7 /* KFAttachment.h in CopyFiles */,
				8448AB4E215F2C4E0029E9A7 /* KFPostListViewController.h in CopyFiles */,
				8448AB4F215F2C4E0029E9A7 /* KF5SDKTicket.h in CopyFiles */,
				8448AB50215F2C4E0029E9A7 /* KFDocItem.h in CopyFiles */,
				8448AB51215F2C4E0029E9A7 /* KFTicketListViewController.h in CopyFiles */,
				8448AB52215F2C4E0029E9A7 /* KFUserManager.h in CopyFiles */,
				8448AB53215F2C4E0029E9A7 /* KFForumListViewController.h in CopyFiles */,
				8448AB54215F2C4E0029E9A7 /* KFTicketViewController.h in CopyFiles */,
				8448AB55215F2C4E0029E9A7 /* KFChatManager.h in CopyFiles */,
				8448AB56215F2C4E0029E9A7 /* KFCreateTicketViewController.h in CopyFiles */,
				8448AB57215F2C4E0029E9A7 /* KFTicketManager.h in CopyFiles */,
				8448AB58215F2C4E0029E9A7 /* KFDispatcher.h in CopyFiles */,
				8448AB59215F2C4E0029E9A7 /* KFChatViewModel.h in CopyFiles */,
				8448AB5A215F2C4E0029E9A7 /* KFMessageModel.h in CopyFiles */,
				8448AB5B215F2C4E0029E9A7 /* KFCategorieListViewController.h in CopyFiles */,
				8448AB5C215F2C4E0029E9A7 /* KFConfig.h in CopyFiles */,
				8448AB5D215F2C4E0029E9A7 /* KFDetailMessageViewController.h in CopyFiles */,
				8448AB5E215F2C4E0029E9A7 /* KFChatVoiceManager.h in CopyFiles */,
				8448AB5F215F2C4E0029E9A7 /* KFHttpTool.h in CopyFiles */,
				8448AB60215F2C4E0029E9A7 /* KFTicket.h in CopyFiles */,
				8448AB61215F2C4E0029E9A7 /* KF5SDKDoc.h in CopyFiles */,
				8448AB62215F2C4E0029E9A7 /* KF5SDK.h in CopyFiles */,
				8448AB63215F2C4E0029E9A7 /* KFHelper.h in CopyFiles */,
				8448AB64215F2C4E0029E9A7 /* KFUser.h in CopyFiles */,
				84DCC827215B354F00B58E8D /* RCTKF5SDK.h in CopyFiles */,
			);
			runOnlyForDeploymentPostprocessing = 0;
		};
/* End PBXCopyFilesBuildPhase section */

/* Begin PBXFileReference section */
		8448AB11215F2B250029E9A7 /* KF5SDK.bundle */ = {isa = PBXFileReference; lastKnownFileType = "wrapper.plug-in"; path = KF5SDK.bundle; sourceTree = "<group>"; };
		8448AB12215F2B250029E9A7 /* MJRefresh.bundle */ = {isa = PBXFileReference; lastKnownFileType = "wrapper.plug-in"; path = MJRefresh.bundle; sourceTree = "<group>"; };
		8448AB13215F2B250029E9A7 /* TZImagePickerController.bundle */ = {isa = PBXFileReference; lastKnownFileType = "wrapper.plug-in"; path = TZImagePickerController.bundle; sourceTree = "<group>"; };
		8448AB15215F2B250029E9A7 /* KFMessage.h */ = {isa = PBXFileReference; fileEncoding = 4; lastKnownFileType = sourcecode.c.h; path = KFMessage.h; sourceTree = "<group>"; };
		8448AB16215F2B250029E9A7 /* KF5SDKChat.h */ = {isa = PBXFileReference; fileEncoding = 4; lastKnownFileType = sourcecode.c.h; path = KF5SDKChat.h; sourceTree = "<group>"; };
		8448AB17215F2B250029E9A7 /* KFDocumentViewController.h */ = {isa = PBXFileReference; fileEncoding = 4; lastKnownFileType = sourcecode.c.h; path = KFDocumentViewController.h; sourceTree = "<group>"; };
		8448AB18215F2B250029E9A7 /* KFChatViewController.h */ = {isa = PBXFileReference; fileEncoding = 4; lastKnownFileType = sourcecode.c.h; path = KFChatViewController.h; sourceTree = "<group>"; };
		8448AB19215F2B250029E9A7 /* KF5SDKCore.h */ = {isa = PBXFileReference; fileEncoding = 4; lastKnownFileType = sourcecode.c.h; path = KF5SDKCore.h; sourceTree = "<group>"; };
		8448AB1A215F2B250029E9A7 /* KFRatingViewController.h */ = {isa = PBXFileReference; fileEncoding = 4; lastKnownFileType = sourcecode.c.h; path = KFRatingViewController.h; sourceTree = "<group>"; };
		8448AB1B215F2B250029E9A7 /* KFDocument.h */ = {isa = PBXFileReference; fileEncoding = 4; lastKnownFileType = sourcecode.c.h; path = KFDocument.h; sourceTree = "<group>"; };
		8448AB1C215F2B250029E9A7 /* KFAgent.h */ = {isa = PBXFileReference; fileEncoding = 4; lastKnownFileType = sourcecode.c.h; path = KFAgent.h; sourceTree = "<group>"; };
		8448AB1D215F2B250029E9A7 /* KFComment.h */ = {isa = PBXFileReference; fileEncoding = 4; lastKnownFileType = sourcecode.c.h; path = KFComment.h; sourceTree = "<group>"; };
		8448AB1E215F2B250029E9A7 /* KFLogger.h */ = {isa = PBXFileReference; fileEncoding = 4; lastKnownFileType = sourcecode.c.h; path = KFLogger.h; sourceTree = "<group>"; };
		8448AB1F215F2B250029E9A7 /* KFBaseViewController.h */ = {isa = PBXFileReference; fileEncoding = 4; lastKnownFileType = sourcecode.c.h; path = KFBaseViewController.h; sourceTree = "<group>"; };
		8448AB20215F2B250029E9A7 /* KFRatingModel.h */ = {isa = PBXFileReference; fileEncoding = 4; lastKnownFileType = sourcecode.c.h; path = KFRatingModel.h; sourceTree = "<group>"; };
		8448AB21215F2B250029E9A7 /* KFDocBaseViewController.h */ = {isa = PBXFileReference; fileEncoding = 4; lastKnownFileType = sourcecode.c.h; path = KFDocBaseViewController.h; sourceTree = "<group>"; };
		8448AB22215F2B250029E9A7 /* libKF5SDKCore.a */ = {isa = PBXFileReference; lastKnownFileType = archive.ar; path = libKF5SDKCore.a; sourceTree = "<group>"; };
		8448AB23215F2B250029E9A7 /* KFAttachment.h */ = {isa = PBXFileReference; fileEncoding = 4; lastKnownFileType = sourcecode.c.h; path = KFAttachment.h; sourceTree = "<group>"; };
		8448AB24215F2B250029E9A7 /* KFPostListViewController.h */ = {isa = PBXFileReference; fileEncoding = 4; lastKnownFileType = sourcecode.c.h; path = KFPostListViewController.h; sourceTree = "<group>"; };
		8448AB25215F2B250029E9A7 /* KF5SDKTicket.h */ = {isa = PBXFileReference; fileEncoding = 4; lastKnownFileType = sourcecode.c.h; path = KF5SDKTicket.h; sourceTree = "<group>"; };
		8448AB26215F2B250029E9A7 /* KFDocItem.h */ = {isa = PBXFileReference; fileEncoding = 4; lastKnownFileType = sourcecode.c.h; path = KFDocItem.h; sourceTree = "<group>"; };
		8448AB27215F2B250029E9A7 /* KFTicketListViewController.h */ = {isa = PBXFileReference; fileEncoding = 4; lastKnownFileType = sourcecode.c.h; path = KFTicketListViewController.h; sourceTree = "<group>"; };
		8448AB28215F2B250029E9A7 /* libopencore-amrnb.a */ = {isa = PBXFileReference; lastKnownFileType = archive.ar; path = "libopencore-amrnb.a"; sourceTree = "<group>"; };
		8448AB29215F2B250029E9A7 /* KFUserManager.h */ = {isa = PBXFileReference; fileEncoding = 4; lastKnownFileType = sourcecode.c.h; path = KFUserManager.h; sourceTree = "<group>"; };
		8448AB2A215F2B250029E9A7 /* KFForumListViewController.h */ = {isa = PBXFileReference; fileEncoding = 4; lastKnownFileType = sourcecode.c.h; path = KFForumListViewController.h; sourceTree = "<group>"; };
		8448AB2B215F2B250029E9A7 /* libKF5SDK.a */ = {isa = PBXFileReference; lastKnownFileType = archive.ar; path = libKF5SDK.a; sourceTree = "<group>"; };
		8448AB2C215F2B250029E9A7 /* KFTicketViewController.h */ = {isa = PBXFileReference; fileEncoding = 4; lastKnownFileType = sourcecode.c.h; path = KFTicketViewController.h; sourceTree = "<group>"; };
		8448AB2D215F2B250029E9A7 /* KFChatManager.h */ = {isa = PBXFileReference; fileEncoding = 4; lastKnownFileType = sourcecode.c.h; path = KFChatManager.h; sourceTree = "<group>"; };
		8448AB2E215F2B250029E9A7 /* KFCreateTicketViewController.h */ = {isa = PBXFileReference; fileEncoding = 4; lastKnownFileType = sourcecode.c.h; path = KFCreateTicketViewController.h; sourceTree = "<group>"; };
		8448AB2F215F2B250029E9A7 /* KFTicketManager.h */ = {isa = PBXFileReference; fileEncoding = 4; lastKnownFileType = sourcecode.c.h; path = KFTicketManager.h; sourceTree = "<group>"; };
		8448AB30215F2B250029E9A7 /* KFDispatcher.h */ = {isa = PBXFileReference; fileEncoding = 4; lastKnownFileType = sourcecode.c.h; path = KFDispatcher.h; sourceTree = "<group>"; };
		8448AB31215F2B250029E9A7 /* KFChatViewModel.h */ = {isa = PBXFileReference; fileEncoding = 4; lastKnownFileType = sourcecode.c.h; path = KFChatViewModel.h; sourceTree = "<group>"; };
		8448AB32215F2B250029E9A7 /* KFMessageModel.h */ = {isa = PBXFileReference; fileEncoding = 4; lastKnownFileType = sourcecode.c.h; path = KFMessageModel.h; sourceTree = "<group>"; };
		8448AB33215F2B250029E9A7 /* KFCategorieListViewController.h */ = {isa = PBXFileReference; fileEncoding = 4; lastKnownFileType = sourcecode.c.h; path = KFCategorieListViewController.h; sourceTree = "<group>"; };
		8448AB34215F2B250029E9A7 /* KFConfig.h */ = {isa = PBXFileReference; fileEncoding = 4; lastKnownFileType = sourcecode.c.h; path = KFConfig.h; sourceTree = "<group>"; };
		8448AB35215F2B250029E9A7 /* KFDetailMessageViewController.h */ = {isa = PBXFileReference; fileEncoding = 4; lastKnownFileType = sourcecode.c.h; path = KFDetailMessageViewController.h; sourceTree = "<group>"; };
		8448AB36215F2B250029E9A7 /* KFChatVoiceManager.h */ = {isa = PBXFileReference; fileEncoding = 4; lastKnownFileType = sourcecode.c.h; path = KFChatVoiceManager.h; sourceTree = "<group>"; };
		8448AB37215F2B250029E9A7 /* KFHttpTool.h */ = {isa = PBXFileReference; fileEncoding = 4; lastKnownFileType = sourcecode.c.h; path = KFHttpTool.h; sourceTree = "<group>"; };
		8448AB38215F2B250029E9A7 /* KFTicket.h */ = {isa = PBXFileReference; fileEncoding = 4; lastKnownFileType = sourcecode.c.h; path = KFTicket.h; sourceTree = "<group>"; };
		8448AB39215F2B250029E9A7 /* KF5SDKDoc.h */ = {isa = PBXFileReference; fileEncoding = 4; lastKnownFileType = sourcecode.c.h; path = KF5SDKDoc.h; sourceTree = "<group>"; };
		8448AB3A215F2B250029E9A7 /* KF5SDK.h */ = {isa = PBXFileReference; fileEncoding = 4; lastKnownFileType = sourcecode.c.h; path = KF5SDK.h; sourceTree = "<group>"; };
		8448AB3B215F2B250029E9A7 /* KFHelper.h */ = {isa = PBXFileReference; fileEncoding = 4; lastKnownFileType = sourcecode.c.h; path = KFHelper.h; sourceTree = "<group>"; };
		8448AB3C215F2B250029E9A7 /* KFUser.h */ = {isa = PBXFileReference; fileEncoding = 4; lastKnownFileType = sourcecode.c.h; path = KFUser.h; sourceTree = "<group>"; };
		84DCC821215B354F00B58E8D /* libRCTKF5SDK.a */ = {isa = PBXFileReference; explicitFileType = archive.ar; includeInIndex = 0; path = libRCTKF5SDK.a; sourceTree = BUILT_PRODUCTS_DIR; };
		84DCC824215B354F00B58E8D /* RCTKF5SDK.h */ = {isa = PBXFileReference; lastKnownFileType = sourcecode.c.h; path = RCTKF5SDK.h; sourceTree = "<group>"; };
		84DCC825215B354F00B58E8D /* RCTKF5SDK.m */ = {isa = PBXFileReference; lastKnownFileType = sourcecode.c.objc; path = RCTKF5SDK.m; sourceTree = "<group>"; };
/* End PBXFileReference section */

/* Begin PBXFrameworksBuildPhase section */
		84DCC81E215B354F00B58E8D /* Frameworks */ = {
			isa = PBXFrameworksBuildPhase;
			buildActionMask = 2147483647;
			files = (
				8448AB3D215F2B250029E9A7 /* libKF5SDKCore.a in Frameworks */,
				8448AB3F215F2B250029E9A7 /* libKF5SDK.a in Frameworks */,
				8448AB3E215F2B250029E9A7 /* libopencore-amrnb.a in Frameworks */,
			);
			runOnlyForDeploymentPostprocessing = 0;
		};
/* End PBXFrameworksBuildPhase section */

/* Begin PBXGroup section */
		8448AB10215F2B250029E9A7 /* Bundle */ = {
			isa = PBXGroup;
			children = (
				8448AB11215F2B250029E9A7 /* KF5SDK.bundle */,
				8448AB12215F2B250029E9A7 /* MJRefresh.bundle */,
				8448AB13215F2B250029E9A7 /* TZImagePickerController.bundle */,
			);
			path = Bundle;
			sourceTree = "<group>";
		};
		8448AB14215F2B250029E9A7 /* KF5SDK */ = {
			isa = PBXGroup;
			children = (
				8448AB15215F2B250029E9A7 /* KFMessage.h */,
				8448AB16215F2B250029E9A7 /* KF5SDKChat.h */,
				8448AB17215F2B250029E9A7 /* KFDocumentViewController.h */,
				8448AB18215F2B250029E9A7 /* KFChatViewController.h */,
				8448AB19215F2B250029E9A7 /* KF5SDKCore.h */,
				8448AB1A215F2B250029E9A7 /* KFRatingViewController.h */,
				8448AB1B215F2B250029E9A7 /* KFDocument.h */,
				8448AB1C215F2B250029E9A7 /* KFAgent.h */,
				8448AB1D215F2B250029E9A7 /* KFComment.h */,
				8448AB1E215F2B250029E9A7 /* KFLogger.h */,
				8448AB1F215F2B250029E9A7 /* KFBaseViewController.h */,
				8448AB20215F2B250029E9A7 /* KFRatingModel.h */,
				8448AB21215F2B250029E9A7 /* KFDocBaseViewController.h */,
				8448AB22215F2B250029E9A7 /* libKF5SDKCore.a */,
				8448AB23215F2B250029E9A7 /* KFAttachment.h */,
				8448AB24215F2B250029E9A7 /* KFPostListViewController.h */,
				8448AB25215F2B250029E9A7 /* KF5SDKTicket.h */,
				8448AB26215F2B250029E9A7 /* KFDocItem.h */,
				8448AB27215F2B250029E9A7 /* KFTicketListViewController.h */,
				8448AB28215F2B250029E9A7 /* libopencore-amrnb.a */,
				8448AB29215F2B250029E9A7 /* KFUserManager.h */,
				8448AB2A215F2B250029E9A7 /* KFForumListViewController.h */,
				8448AB2B215F2B250029E9A7 /* libKF5SDK.a */,
				8448AB2C215F2B250029E9A7 /* KFTicketViewController.h */,
				8448AB2D215F2B250029E9A7 /* KFChatManager.h */,
				8448AB2E215F2B250029E9A7 /* KFCreateTicketViewController.h */,
				8448AB2F215F2B250029E9A7 /* KFTicketManager.h */,
				8448AB30215F2B250029E9A7 /* KFDispatcher.h */,
				8448AB31215F2B250029E9A7 /* KFChatViewModel.h */,
				8448AB32215F2B250029E9A7 /* KFMessageModel.h */,
				8448AB33215F2B250029E9A7 /* KFCategorieListViewController.h */,
				8448AB34215F2B250029E9A7 /* KFConfig.h */,
				8448AB35215F2B250029E9A7 /* KFDetailMessageViewController.h */,
				8448AB36215F2B250029E9A7 /* KFChatVoiceManager.h */,
				8448AB37215F2B250029E9A7 /* KFHttpTool.h */,
				8448AB38215F2B250029E9A7 /* KFTicket.h */,
				8448AB39215F2B250029E9A7 /* KF5SDKDoc.h */,
				8448AB3A215F2B250029E9A7 /* KF5SDK.h */,
				8448AB3B215F2B250029E9A7 /* KFHelper.h */,
				8448AB3C215F2B250029E9A7 /* KFUser.h */,
			);
			path = KF5SDK;
			sourceTree = "<group>";
		};
		84DCC818215B354F00B58E8D = {
			isa = PBXGroup;
			children = (
				84DCC823215B354F00B58E8D /* RCTKF5SDK */,
				84DCC822215B354F00B58E8D /* Products */,
			);
			sourceTree = "<group>";
		};
		84DCC822215B354F00B58E8D /* Products */ = {
			isa = PBXGroup;
			children = (
				84DCC821215B354F00B58E8D /* libRCTKF5SDK.a */,
			);
			name = Products;
			sourceTree = "<group>";
		};
		84DCC823215B354F00B58E8D /* RCTKF5SDK */ = {
			isa = PBXGroup;
			children = (
				8448AB10215F2B250029E9A7 /* Bundle */,
				8448AB14215F2B250029E9A7 /* KF5SDK */,
				84DCC824215B354F00B58E8D /* RCTKF5SDK.h */,
				84DCC825215B354F00B58E8D /* RCTKF5SDK.m */,
			);
			path = RCTKF5SDK;
			sourceTree = "<group>";
		};
/* End PBXGroup section */

/* Begin PBXNativeTarget section */
		84DCC820215B354F00B58E8D /* RCTKF5SDK */ = {
			isa = PBXNativeTarget;
			buildConfigurationList = 84DCC82A215B354F00B58E8D /* Build configuration list for PBXNativeTarget "RCTKF5SDK" */;
			buildPhases = (
				84DCC81D215B354F00B58E8D /* Sources */,
				84DCC81E215B354F00B58E8D /* Frameworks */,
				84DCC81F215B354F00B58E8D /* CopyFiles */,
			);
			buildRules = (
			);
			dependencies = (
			);
			name = RCTKF5SDK;
			productName = RCTKF5SDK;
			productReference = 84DCC821215B354F00B58E8D /* libRCTKF5SDK.a */;
			productType = "com.apple.product-type.library.static";
		};
/* End PBXNativeTarget section */

/* Begin PBXProject section */
		84DCC819215B354F00B58E8D /* Project object */ = {
			isa = PBXProject;
			attributes = {
				LastUpgradeCheck = 1000;
				ORGANIZATIONNAME = kf5;
				TargetAttributes = {
					84DCC820215B354F00B58E8D = {
						CreatedOnToolsVersion = 10.0;
					};
				};
			};
			buildConfigurationList = 84DCC81C215B354F00B58E8D /* Build configuration list for PBXProject "RCTKF5SDK" */;
			compatibilityVersion = "Xcode 9.3";
			developmentRegion = en;
			hasScannedForEncodings = 0;
			knownRegions = (
				en,
			);
			mainGroup = 84DCC818215B354F00B58E8D;
			productRefGroup = 84DCC822215B354F00B58E8D /* Products */;
			projectDirPath = "";
			projectRoot = "";
			targets = (
				84DCC820215B354F00B58E8D /* RCTKF5SDK */,
			);
		};
/* End PBXProject section */

/* Begin PBXSourcesBuildPhase section */
		84DCC81D215B354F00B58E8D /* Sources */ = {
			isa = PBXSourcesBuildPhase;
			buildActionMask = 2147483647;
			files = (
				84DCC826215B354F00B58E8D /* RCTKF5SDK.m in Sources */,
			);
			runOnlyForDeploymentPostprocessing = 0;
		};
/* End PBXSourcesBuildPhase section */

/* Begin XCBuildConfiguration section */
		84DCC828215B354F00B58E8D /* Debug */ = {
			isa = XCBuildConfiguration;
			buildSettings = {
				ALWAYS_SEARCH_USER_PATHS = NO;
				CLANG_ANALYZER_NONNULL = YES;
				CLANG_ANALYZER_NUMBER_OBJECT_CONVERSION = YES_AGGRESSIVE;
				CLANG_CXX_LANGUAGE_STANDARD = "gnu++14";
				CLANG_CXX_LIBRARY = "libc++";
				CLANG_ENABLE_MODULES = YES;
				CLANG_ENABLE_OBJC_ARC = YES;
				CLANG_ENABLE_OBJC_WEAK = YES;
				CLANG_WARN_BLOCK_CAPTURE_AUTORELEASING = YES;
				CLANG_WARN_BOOL_CONVERSION = YES;
				CLANG_WARN_COMMA = YES;
				CLANG_WARN_CONSTANT_CONVERSION = YES;
				CLANG_WARN_DEPRECATED_OBJC_IMPLEMENTATIONS = YES;
				CLANG_WARN_DIRECT_OBJC_ISA_USAGE = YES_ERROR;
				CLANG_WARN_DOCUMENTATION_COMMENTS = YES;
				CLANG_WARN_EMPTY_BODY = YES;
				CLANG_WARN_ENUM_CONVERSION = YES;
				CLANG_WARN_INFINITE_RECURSION = YES;
				CLANG_WARN_INT_CONVERSION = YES;
				CLANG_WARN_NON_LITERAL_NULL_CONVERSION = YES;
				CLANG_WARN_OBJC_IMPLICIT_RETAIN_SELF = YES;
				CLANG_WARN_OBJC_LITERAL_CONVERSION = YES;
				CLANG_WARN_OBJC_ROOT_CLASS = YES_ERROR;
				CLANG_WARN_RANGE_LOOP_ANALYSIS = YES;
				CLANG_WARN_STRICT_PROTOTYPES = YES;
				CLANG_WARN_SUSPICIOUS_MOVE = YES;
				CLANG_WARN_UNGUARDED_AVAILABILITY = YES_AGGRESSIVE;
				CLANG_WARN_UNREACHABLE_CODE = YES;
				CLANG_WARN__DUPLICATE_METHOD_MATCH = YES;
				CODE_SIGN_IDENTITY = "iPhone Developer";
				COPY_PHASE_STRIP = NO;
				DEBUG_INFORMATION_FORMAT = dwarf;
				ENABLE_STRICT_OBJC_MSGSEND = YES;
				ENABLE_TESTABILITY = YES;
				GCC_C_LANGUAGE_STANDARD = gnu11;
				GCC_DYNAMIC_NO_PIC = NO;
				GCC_NO_COMMON_BLOCKS = YES;
				GCC_OPTIMIZATION_LEVEL = 0;
				GCC_PREPROCESSOR_DEFINITIONS = (
					"DEBUG=1",
					"$(inherited)",
				);
				GCC_WARN_64_TO_32_BIT_CONVERSION = YES;
				GCC_WARN_ABOUT_RETURN_TYPE = YES_ERROR;
				GCC_WARN_UNDECLARED_SELECTOR = YES;
				GCC_WARN_UNINITIALIZED_AUTOS = YES_AGGRESSIVE;
				GCC_WARN_UNUSED_FUNCTION = YES;
				GCC_WARN_UNUSED_VARIABLE = YES;
				IPHONEOS_DEPLOYMENT_TARGET = 12.0;
				MTL_ENABLE_DEBUG_INFO = INCLUDE_SOURCE;
				MTL_FAST_MATH = YES;
				ONLY_ACTIVE_ARCH = YES;
				SDKROOT = iphoneos;
			};
			name = Debug;
		};
		84DCC829215B354F00B58E8D /* Release */ = {
			isa = XCBuildConfiguration;
			buildSettings = {
				ALWAYS_SEARCH_USER_PATHS = NO;
				CLANG_ANALYZER_NONNULL = YES;
				CLANG_ANALYZER_NUMBER_OBJECT_CONVERSION = YES_AGGRESSIVE;
				CLANG_CXX_LANGUAGE_STANDARD = "gnu++14";
				CLANG_CXX_LIBRARY = "libc++";
				CLANG_ENABLE_MODULES = YES;
				CLANG_ENABLE_OBJC_ARC = YES;
				CLANG_ENABLE_OBJC_WEAK = YES;
				CLANG_WARN_BLOCK_CAPTURE_AUTORELEASING = YES;
				CLANG_WARN_BOOL_CONVERSION = YES;
				CLANG_WARN_COMMA = YES;
				CLANG_WARN_CONSTANT_CONVERSION = YES;
				CLANG_WARN_DEPRECATED_OBJC_IMPLEMENTATIONS = YES;
				CLANG_WARN_DIRECT_OBJC_ISA_USAGE = YES_ERROR;
				CLANG_WARN_DOCUMENTATION_COMMENTS = YES;
				CLANG_WARN_EMPTY_BODY = YES;
				CLANG_WARN_ENUM_CONVERSION = YES;
				CLANG_WARN_INFINITE_RECURSION = YES;
				CLANG_WARN_INT_CONVERSION = YES;
				CLANG_WARN_NON_LITERAL_NULL_CONVERSION = YES;
				CLANG_WARN_OBJC_IMPLICIT_RETAIN_SELF = YES;
				CLANG_WARN_OBJC_LITERAL_CONVERSION = YES;
				CLANG_WARN_OBJC_ROOT_CLASS = YES_ERROR;
				CLANG_WARN_RANGE_LOOP_ANALYSIS = YES;
				CLANG_WARN_STRICT_PROTOTYPES = YES;
				CLANG_WARN_SUSPICIOUS_MOVE = YES;
				CLANG_WARN_UNGUARDED_AVAILABILITY = YES_AGGRESSIVE;
				CLANG_WARN_UNREACHABLE_CODE = YES;
				CLANG_WARN__DUPLICATE_METHOD_MATCH = YES;
				CODE_SIGN_IDENTITY = "iPhone Developer";
				COPY_PHASE_STRIP = NO;
				DEBUG_INFORMATION_FORMAT = "dwarf-with-dsym";
				ENABLE_NS_ASSERTIONS = NO;
				ENABLE_STRICT_OBJC_MSGSEND = YES;
				GCC_C_LANGUAGE_STANDARD = gnu11;
				GCC_NO_COMMON_BLOCKS = YES;
				GCC_WARN_64_TO_32_BIT_CONVERSION = YES;
				GCC_WARN_ABOUT_RETURN_TYPE = YES_ERROR;
				GCC_WARN_UNDECLARED_SELECTOR = YES;
				GCC_WARN_UNINITIALIZED_AUTOS = YES_AGGRESSIVE;
				GCC_WARN_UNUSED_FUNCTION = YES;
				GCC_WARN_UNUSED_VARIABLE = YES;
				IPHONEOS_DEPLOYMENT_TARGET = 12.0;
				MTL_ENABLE_DEBUG_INFO = NO;
				MTL_FAST_MATH = YES;
				SDKROOT = iphoneos;
				VALIDATE_PRODUCT = YES;
			};
			name = Release;
		};
		84DCC82B215B354F00B58E8D /* Debug */ = {
			isa = XCBuildConfiguration;
			buildSettings = {
				CODE_SIGN_STYLE = Automatic;
				LIBRARY_SEARCH_PATHS = (
					"$(inherited)",
					"$(PROJECT_DIR)/RCTKF5SDK/KF5SDK",
					"$(PROJECT_DIR)/RCTKF5SDK/KF5SDKCore",
				);
				OTHER_LDFLAGS = "-ObjC";
				PRODUCT_NAME = "$(TARGET_NAME)";
				SKIP_INSTALL = YES;
				TARGETED_DEVICE_FAMILY = "1,2";
			};
			name = Debug;
		};
		84DCC82C215B354F00B58E8D /* Release */ = {
			isa = XCBuildConfiguration;
			buildSettings = {
				CODE_SIGN_STYLE = Automatic;
				LIBRARY_SEARCH_PATHS = (
					"$(inherited)",
					"$(PROJECT_DIR)/RCTKF5SDK/KF5SDK",
					"$(PROJECT_DIR)/RCTKF5SDK/KF5SDKCore",
				);
				OTHER_LDFLAGS = "-ObjC";
				PRODUCT_NAME = "$(TARGET_NAME)";
				SKIP_INSTALL = YES;
				TARGETED_DEVICE_FAMILY = "1,2";
			};
			name = Release;
		};
/* End XCBuildConfiguration section */

/* Begin XCConfigurationList section */
		84DCC81C215B354F00B58E8D /* Build configuration list for PBXProject "RCTKF5SDK" */ = {
			isa = XCConfigurationList;
			buildConfigurations = (
				84DCC828215B354F00B58E8D /* Debug */,
				84DCC829215B354F00B58E8D /* Release */,
			);
			defaultConfigurationIsVisible = 0;
			defaultConfigurationName = Release;
		};
		84DCC82A215B354F00B58E8D /* Build configuration list for PBXNativeTarget "RCTKF5SDK" */ = {
			isa = XCConfigurationList;
			buildConfigurations = (
				84DCC82B215B354F00B58E8D /* Debug */,
				84DCC82C215B354F00B58E8D /* Release */,
			);
			defaultConfigurationIsVisible = 0;
			defaultConfigurationName = Release;
		};
/* End XCConfigurationList section */
	};
	rootObject = 84DCC819215B354F00B58E8D /* Project object */;
}
